
Microsoft Visual Studio Solution File, Format Version 12.00
# Visual Studio Version 17
VisualStudioVersion = 17.14.36518.9 d17.14
MinimumVisualStudioVersion = 10.0.40219.1
Project("{FAE04EC0-301F-11D3-BF4B-00C04F79EFBC}") = "Wise.API", "Wise.API.csproj", "{5CAE2D71-F1B2-4BAB-84DD-D032E3207CC8}"
EndProject
Project("{FAE04EC0-301F-11D3-BF4B-00C04F79EFBC}") = "Wise.Application", "..\Wise.Application\Wise.Application.csproj", "{A0EED5EF-4853-4E47-80A7-A39DA739E60D}"
EndProject
Project("{FAE04EC0-301F-11D3-BF4B-00C04F79EFBC}") = "Wise.Domain", "..\Wise.Domain\Wise.Domain.csproj", "{C91BA57F-8069-4CF6-A09A-E93D3A6BD25F}"
EndProject
Project("{FAE04EC0-301F-11D3-BF4B-00C04F79EFBC}") = "Wise.Infrastructure", "..\Wise.Infrastructure\Wise.Infrastructure.csproj", "{ED5D00BB-6E78-468D-98A0-3B0BC80AE559}"
EndProject
Global
	GlobalSection(SolutionConfigurationPlatforms) = preSolution
		Debug|Any CPU = Debug|Any CPU
		Release|Any CPU = Release|Any CPU
	EndGlobalSection
	GlobalSection(ProjectConfigurationPlatforms) = postSolution
		{5CAE2D71-F1B2-4BAB-84DD-D032E3207CC8}.Debug|Any CPU.ActiveCfg = Debug|Any CPU
		{5CAE2D71-F1B2-4BAB-84DD-D032E3207CC8}.Debug|Any CPU.Build.0 = Debug|Any CPU
		{5CAE2D71-F1B2-4BAB-84DD-D032E3207CC8}.Release|Any CPU.ActiveCfg = Release|Any CPU
		{5CAE2D71-F1B2-4BAB-84DD-D032E3207CC8}.Release|Any CPU.Build.0 = Release|Any CPU
		{A0EED5EF-4853-4E47-80A7-A39DA739E60D}.Debug|Any CPU.ActiveCfg = Debug|Any CPU
		{A0EED5EF-4853-4E47-80A7-A39DA739E60D}.Debug|Any CPU.Build.0 = Debug|Any CPU
		{A0EED5EF-4853-4E47-80A7-A39DA739E60D}.Release|Any CPU.ActiveCfg = Release|Any CPU
		{A0EED5EF-4853-4E47-80A7-A39DA739E60D}.Release|Any CPU.Build.0 = Release|Any CPU
		{C91BA57F-8069-4CF6-A09A-E93D3A6BD25F}.Debug|Any CPU.ActiveCfg = Debug|Any CPU
		{C91BA57F-8069-4CF6-A09A-E93D3A6BD25F}.Debug|Any CPU.Build.0 = Debug|Any CPU
		{C91BA57F-8069-4CF6-A09A-E93D3A6BD25F}.Release|Any CPU.ActiveCfg = Release|Any CPU
		{C91BA57F-8069-4CF6-A09A-E93D3A6BD25F}.Release|Any CPU.Build.0 = Release|Any CPU
		{ED5D00BB-6E78-468D-98A0-3B0BC80AE559}.Debug|Any CPU.ActiveCfg = Debug|Any CPU
		{ED5D00BB-6E78-468D-98A0-3B0BC80AE559}.Debug|Any CPU.Build.0 = Debug|Any CPU
		{ED5D00BB-6E78-468D-98A0-3B0BC80AE559}.Release|Any CPU.ActiveCfg = Release|Any CPU
		{ED5D00BB-6E78-468D-98A0-3B0BC80AE559}.Release|Any CPU.Build.0 = Release|Any CPU
	EndGlobalSection
	GlobalSection(SolutionProperties) = preSolution
		HideSolutionNode = FALSE
	EndGlobalSection
	GlobalSection(ExtensibilityGlobals) = postSolution
		SolutionGuid = {F3B88A70-C744-44A4-B05E-44A13B67689B}
	EndGlobalSection
EndGlobal
