
Microsoft Visual Studio Solution File, Format Version 12.00
# Visual Studio Version 17
VisualStudioVersion = 17.14.36518.9
MinimumVisualStudioVersion = 10.0.40219.1
Project("{FAE04EC0-301F-11D3-BF4B-00C04F79EFBC}") = "OnlineExam", "OnlineExam.csproj", "{A5764926-BEC9-4974-B295-084B20177350}"
EndProject
Project("{FAE04EC0-301F-11D3-BF4B-00C04F79EFBC}") = "OnlineExam.Domain", "..\OnlineExam.Domain\OnlineExam.Domain.csproj", "{C08608BD-0446-4D6C-8A8A-696851ED77F0}"
EndProject
Project("{FAE04EC0-301F-11D3-BF4B-00C04F79EFBC}") = "OnlineExam.Application", "..\OnlineExam.Application\OnlineExam.Application.csproj", "{461DAF36-3452-44D4-9A1B-3E82C898CA58}"
EndProject
Project("{FAE04EC0-301F-11D3-BF4B-00C04F79EFBC}") = "OnlineExam.Infrastructure", "..\OnlineExam.Infrastructure\OnlineExam.Infrastructure.csproj", "{F2AE7DF8-2908-4493-83C7-EB9746FD62CC}"
EndProject
Global
	GlobalSection(SolutionConfigurationPlatforms) = preSolution
		Debug|Any CPU = Debug|Any CPU
		Release|Any CPU = Release|Any CPU
	EndGlobalSection
	GlobalSection(ProjectConfigurationPlatforms) = postSolution
		{A5764926-BEC9-4974-B295-084B20177350}.Debug|Any CPU.ActiveCfg = Debug|Any CPU
		{A5764926-BEC9-4974-B295-084B20177350}.Debug|Any CPU.Build.0 = Debug|Any CPU
		{A5764926-BEC9-4974-B295-084B20177350}.Release|Any CPU.ActiveCfg = Release|Any CPU
		{A5764926-BEC9-4974-B295-084B20177350}.Release|Any CPU.Build.0 = Release|Any CPU
		{C08608BD-0446-4D6C-8A8A-696851ED77F0}.Debug|Any CPU.ActiveCfg = Debug|Any CPU
		{C08608BD-0446-4D6C-8A8A-696851ED77F0}.Debug|Any CPU.Build.0 = Debug|Any CPU
		{C08608BD-0446-4D6C-8A8A-696851ED77F0}.Release|Any CPU.ActiveCfg = Release|Any CPU
		{C08608BD-0446-4D6C-8A8A-696851ED77F0}.Release|Any CPU.Build.0 = Release|Any CPU
		{461DAF36-3452-44D4-9A1B-3E82C898CA58}.Debug|Any CPU.ActiveCfg = Debug|Any CPU
		{461DAF36-3452-44D4-9A1B-3E82C898CA58}.Debug|Any CPU.Build.0 = Debug|Any CPU
		{461DAF36-3452-44D4-9A1B-3E82C898CA58}.Release|Any CPU.ActiveCfg = Release|Any CPU
		{461DAF36-3452-44D4-9A1B-3E82C898CA58}.Release|Any CPU.Build.0 = Release|Any CPU
		{F2AE7DF8-2908-4493-83C7-EB9746FD62CC}.Debug|Any CPU.ActiveCfg = Debug|Any CPU
		{F2AE7DF8-2908-4493-83C7-EB9746FD62CC}.Debug|Any CPU.Build.0 = Debug|Any CPU
		{F2AE7DF8-2908-4493-83C7-EB9746FD62CC}.Release|Any CPU.ActiveCfg = Release|Any CPU
		{F2AE7DF8-2908-4493-83C7-EB9746FD62CC}.Release|Any CPU.Build.0 = Release|Any CPU
	EndGlobalSection
	GlobalSection(SolutionProperties) = preSolution
		HideSolutionNode = FALSE
	EndGlobalSection
	GlobalSection(ExtensibilityGlobals) = postSolution
		SolutionGuid = {DCA7AF5F-2A0B-496F-8B1E-2956E9989D4D}
	EndGlobalSection
EndGlobal
